
Microsoft Visual Studio Solution File, Format Version 12.00
# Visual Studio Version 17
VisualStudioVersion = 17.11.35303.130
MinimumVisualStudioVersion = 10.0.40219.1
Project("{8BC9CEB8-8B4A-11D0-8D11-00A0C91BC942}") = "Lab5.3", "Lab5.3\Lab5.3.vcxproj", "{AD110F77-8A34-4422-9974-321277B53F62}"
EndProject
Project("{8BC9CEB8-8B4A-11D0-8D11-00A0C91BC942}") = "UnitTest5.3", "UnitTest5.3\UnitTest5.3.vcxproj", "{0AB91503-A941-4971-B108-560C15F8F6D1}"
EndProject
Global
	GlobalSection(SolutionConfigurationPlatforms) = preSolution
		Debug|x64 = Debug|x64
		Debug|x86 = Debug|x86
		Release|x64 = Release|x64
		Release|x86 = Release|x86
	EndGlobalSection
	GlobalSection(ProjectConfigurationPlatforms) = postSolution
		{AD110F77-8A34-4422-9974-321277B53F62}.Debug|x64.ActiveCfg = Debug|x64
		{AD110F77-8A34-4422-9974-321277B53F62}.Debug|x64.Build.0 = Debug|x64
		{AD110F77-8A34-4422-9974-321277B53F62}.Debug|x86.ActiveCfg = Debug|Win32
		{AD110F77-8A34-4422-9974-321277B53F62}.Debug|x86.Build.0 = Debug|Win32
		{AD110F77-8A34-4422-9974-321277B53F62}.Release|x64.ActiveCfg = Release|x64
		{AD110F77-8A34-4422-9974-321277B53F62}.Release|x64.Build.0 = Release|x64
		{AD110F77-8A34-4422-9974-321277B53F62}.Release|x86.ActiveCfg = Release|Win32
		{AD110F77-8A34-4422-9974-321277B53F62}.Release|x86.Build.0 = Release|Win32
		{0AB91503-A941-4971-B108-560C15F8F6D1}.Debug|x64.ActiveCfg = Debug|x64
		{0AB91503-A941-4971-B108-560C15F8F6D1}.Debug|x64.Build.0 = Debug|x64
		{0AB91503-A941-4971-B108-560C15F8F6D1}.Debug|x86.ActiveCfg = Debug|Win32
		{0AB91503-A941-4971-B108-560C15F8F6D1}.Debug|x86.Build.0 = Debug|Win32
		{0AB91503-A941-4971-B108-560C15F8F6D1}.Release|x64.ActiveCfg = Release|x64
		{0AB91503-A941-4971-B108-560C15F8F6D1}.Release|x64.Build.0 = Release|x64
		{0AB91503-A941-4971-B108-560C15F8F6D1}.Release|x86.ActiveCfg = Release|Win32
		{0AB91503-A941-4971-B108-560C15F8F6D1}.Release|x86.Build.0 = Release|Win32
	EndGlobalSection
	GlobalSection(SolutionProperties) = preSolution
		HideSolutionNode = FALSE
	EndGlobalSection
	GlobalSection(ExtensibilityGlobals) = postSolution
		SolutionGuid = {C426CF54-FF97-49D4-B3A2-AD1288A6CF08}
	EndGlobalSection
EndGlobal
